// !$*UTF8*$!
{
	archiveVersion = 1;
	classes = {
	};
	objectVersion = 56;
	objects = {

/* Begin PBXBuildFile section */
		052C390628EDED960034E743 /* ArrayCount.swift in Sources */ = {isa = PBXBuildFile; fileRef = 052C390528EDED960034E743 /* ArrayCount.swift */; };
		0572AD0528E47BCF000AFC79 /* ApplicationDelegate.swift in Sources */ = {isa = PBXBuildFile; fileRef = 0572AD0428E47BCF000AFC79 /* ApplicationDelegate.swift */; };
		0572AD0728E47BCF000AFC79 /* Assets.xcassets in Resources */ = {isa = PBXBuildFile; fileRef = 0572AD0628E47BCF000AFC79 /* Assets.xcassets */; };
		0572AD0A28E47BCF000AFC79 /* MainMenu.xib in Resources */ = {isa = PBXBuildFile; fileRef = 0572AD0828E47BCF000AFC79 /* MainMenu.xib */; };
		0572AD1428E47C6A000AFC79 /* MainWindowController.swift in Sources */ = {isa = PBXBuildFile; fileRef = 0572AD1328E47C6A000AFC79 /* MainWindowController.swift */; };
		0572AD1828E4C0F5000AFC79 /* NSError.swift in Sources */ = {isa = PBXBuildFile; fileRef = 0572AD1728E4C0F5000AFC79 /* NSError.swift */; };
		0572AD1A28E4C6DE000AFC79 /* NSWindowController.swift in Sources */ = {isa = PBXBuildFile; fileRef = 0572AD1928E4C6DE000AFC79 /* NSWindowController.swift */; };
		0572AD5D28E4DC43000AFC79 /* Config.swift in Sources */ = {isa = PBXBuildFile; fileRef = 0572AD5C28E4DC43000AFC79 /* Config.swift */; };
		0572AD5F28E4DC5D000AFC79 /* ConfigValue.swift in Sources */ = {isa = PBXBuildFile; fileRef = 0572AD5E28E4DC5D000AFC79 /* ConfigValue.swift */; };
		0572AD6128E4E3AA000AFC79 /* ConfigValueViewController.swift in Sources */ = {isa = PBXBuildFile; fileRef = 0572AD6028E4E3AA000AFC79 /* ConfigValueViewController.swift */; };
		057AAF1228E577CE004CB733 /* ConfigViewController.swift in Sources */ = {isa = PBXBuildFile; fileRef = 057AAF1128E577CE004CB733 /* ConfigViewController.swift */; };
		057AAF1628E578B4004CB733 /* TextViewController.swift in Sources */ = {isa = PBXBuildFile; fileRef = 057AAF1528E578B4004CB733 /* TextViewController.swift */; };
		057AAF1A28E57913004CB733 /* NSView.swift in Sources */ = {isa = PBXBuildFile; fileRef = 057AAF1928E57913004CB733 /* NSView.swift */; };
		057AAF4728E58428004CB733 /* uncrustify in Copy Executables */ = {isa = PBXBuildFile; fileRef = 057AAF4528E5840A004CB733 /* uncrustify */; settings = {ATTRIBUTES = (CodeSignOnCopy, ); }; };
		057AAF4928E5846B004CB733 /* Uncrustify.swift in Sources */ = {isa = PBXBuildFile; fileRef = 057AAF4828E5846B004CB733 /* Uncrustify.swift */; };
		057AAF4B28E5973D004CB733 /* Either.swift in Sources */ = {isa = PBXBuildFile; fileRef = 057AAF4A28E5973D004CB733 /* Either.swift */; };
		057AAF5428E59F0D004CB733 /* ConfigViewItem.swift in Sources */ = {isa = PBXBuildFile; fileRef = 057AAF5328E59F0D004CB733 /* ConfigViewItem.swift */; };
		057AAF5828E5F6AA004CB733 /* BackgroundView.swift in Sources */ = {isa = PBXBuildFile; fileRef = 057AAF5728E5F6AA004CB733 /* BackgroundView.swift */; };
		057AAF5A28E5FB47004CB733 /* CFBase.txt in Resources */ = {isa = PBXBuildFile; fileRef = 057AAF5928E5FB3C004CB733 /* CFBase.txt */; };
		057AAF6728E5FE37004CB733 /* Highlightr.framework in Frameworks */ = {isa = PBXBuildFile; fileRef = 057AAF6328E5FE22004CB733 /* Highlightr.framework */; };
		057AAF6928E5FE48004CB733 /* Highlightr.framework in Copy Frameworks */ = {isa = PBXBuildFile; fileRef = 057AAF6328E5FE22004CB733 /* Highlightr.framework */; settings = {ATTRIBUTES = (CodeSignOnCopy, RemoveHeadersOnCopy, ); }; };
		057AAF6B28E610D4004CB733 /* ThemeViewController.swift in Sources */ = {isa = PBXBuildFile; fileRef = 057AAF6A28E610D4004CB733 /* ThemeViewController.swift */; };
		05A0848928ECA4B6008FD8EA /* GitHubUpdates.framework in Frameworks */ = {isa = PBXBuildFile; fileRef = 05A0848528ECA4A5008FD8EA /* GitHubUpdates.framework */; };
		05A0848C28ECA4C1008FD8EA /* GitHubUpdates.framework in Copy Frameworks */ = {isa = PBXBuildFile; fileRef = 05A0848528ECA4A5008FD8EA /* GitHubUpdates.framework */; settings = {ATTRIBUTES = (CodeSignOnCopy, RemoveHeadersOnCopy, ); }; };
		05B814C229A8EB0000133654 /* NSMenu.swift in Sources */ = {isa = PBXBuildFile; fileRef = 05B814C129A8EB0000133654 /* NSMenu.swift */; };
		05B814CC29A91A5900133654 /* NSAppearance.swift in Sources */ = {isa = PBXBuildFile; fileRef = 05B814CB29A91A5900133654 /* NSAppearance.swift */; };
		05B814CD29A91A5900133654 /* NSAppearance.swift in Sources */ = {isa = PBXBuildFile; fileRef = 05B814CB29A91A5900133654 /* NSAppearance.swift */; };
		05B814D029A91A5E00133654 /* NSMenu.swift in Sources */ = {isa = PBXBuildFile; fileRef = 05B814C129A8EB0000133654 /* NSMenu.swift */; };
		05B814E029A91AA600133654 /* NSApplication.swift in Sources */ = {isa = PBXBuildFile; fileRef = 05B814DF29A91AA600133654 /* NSApplication.swift */; };
		05B814E129A91AA600133654 /* NSApplication.swift in Sources */ = {isa = PBXBuildFile; fileRef = 05B814DF29A91AA600133654 /* NSApplication.swift */; };
		05B814EA29A92C6100133654 /* Examples in Resources */ = {isa = PBXBuildFile; fileRef = 05B814E729A92C6100133654 /* Examples */; };
		05B814EB29A92C6100133654 /* Examples in Resources */ = {isa = PBXBuildFile; fileRef = 05B814E729A92C6100133654 /* Examples */; };
		05DB009A292CC69200FAB389 /* CreditViewController.swift in Sources */ = {isa = PBXBuildFile; fileRef = 05EF240528E6465F00334A41 /* CreditViewController.swift */; };
		05DB009B292CC69200FAB389 /* ThemeViewController.swift in Sources */ = {isa = PBXBuildFile; fileRef = 057AAF6A28E610D4004CB733 /* ThemeViewController.swift */; };
		05DB009C292CC69200FAB389 /* NSWindowController.swift in Sources */ = {isa = PBXBuildFile; fileRef = 0572AD1928E4C6DE000AFC79 /* NSWindowController.swift */; };
		05DB009D292CC69200FAB389 /* MainWindowController.swift in Sources */ = {isa = PBXBuildFile; fileRef = 0572AD1328E47C6A000AFC79 /* MainWindowController.swift */; };
		05DB009E292CC69200FAB389 /* ConfigViewItem.swift in Sources */ = {isa = PBXBuildFile; fileRef = 057AAF5328E59F0D004CB733 /* ConfigViewItem.swift */; };
		05DB009F292CC69200FAB389 /* ConfigViewController.swift in Sources */ = {isa = PBXBuildFile; fileRef = 057AAF1128E577CE004CB733 /* ConfigViewController.swift */; };
		05DB00A0292CC69200FAB389 /* NSView.swift in Sources */ = {isa = PBXBuildFile; fileRef = 057AAF1928E57913004CB733 /* NSView.swift */; };
		05DB00A1292CC69200FAB389 /* Either.swift in Sources */ = {isa = PBXBuildFile; fileRef = 057AAF4A28E5973D004CB733 /* Either.swift */; };
		05DB00A2292CC69200FAB389 /* Config.swift in Sources */ = {isa = PBXBuildFile; fileRef = 0572AD5C28E4DC43000AFC79 /* Config.swift */; };
		05DB00A3292CC69200FAB389 /* ApplicationDelegate.swift in Sources */ = {isa = PBXBuildFile; fileRef = 0572AD0428E47BCF000AFC79 /* ApplicationDelegate.swift */; };
		05DB00A4292CC69200FAB389 /* Uncrustify.swift in Sources */ = {isa = PBXBuildFile; fileRef = 057AAF4828E5846B004CB733 /* Uncrustify.swift */; };
		05DB00A5292CC69200FAB389 /* ArrayCount.swift in Sources */ = {isa = PBXBuildFile; fileRef = 052C390528EDED960034E743 /* ArrayCount.swift */; };
		05DB00A6292CC69200FAB389 /* NSError.swift in Sources */ = {isa = PBXBuildFile; fileRef = 0572AD1728E4C0F5000AFC79 /* NSError.swift */; };
		05DB00A7292CC69200FAB389 /* BackgroundView.swift in Sources */ = {isa = PBXBuildFile; fileRef = 057AAF5728E5F6AA004CB733 /* BackgroundView.swift */; };
		05DB00A8292CC69200FAB389 /* TextViewController.swift in Sources */ = {isa = PBXBuildFile; fileRef = 057AAF1528E578B4004CB733 /* TextViewController.swift */; };
		05DB00A9292CC69200FAB389 /* BoolConverter.swift in Sources */ = {isa = PBXBuildFile; fileRef = 05EF243128E743D500334A41 /* BoolConverter.swift */; };
		05DB00AA292CC69200FAB389 /* Credit.swift in Sources */ = {isa = PBXBuildFile; fileRef = 05EF240628E6465F00334A41 /* Credit.swift */; };
		05DB00AB292CC69200FAB389 /* Bundle.swift in Sources */ = {isa = PBXBuildFile; fileRef = 05EF240228E6465700334A41 /* Bundle.swift */; };
		05DB00AC292CC69200FAB389 /* CreditsWindowController.swift in Sources */ = {isa = PBXBuildFile; fileRef = 05EF240428E6465F00334A41 /* CreditsWindowController.swift */; };
		05DB00AD292CC69200FAB389 /* AboutWindowController.swift in Sources */ = {isa = PBXBuildFile; fileRef = 05EF23FE28E645E700334A41 /* AboutWindowController.swift */; };
		05DB00AE292CC69200FAB389 /* IntegerConverter.swift in Sources */ = {isa = PBXBuildFile; fileRef = 05EF243428E7493900334A41 /* IntegerConverter.swift */; };
		05DB00AF292CC69200FAB389 /* ConfigValueViewController.swift in Sources */ = {isa = PBXBuildFile; fileRef = 0572AD6028E4E3AA000AFC79 /* ConfigValueViewController.swift */; };
		05DB00B0292CC69200FAB389 /* ConfigValue.swift in Sources */ = {isa = PBXBuildFile; fileRef = 0572AD5E28E4DC5D000AFC79 /* ConfigValue.swift */; };
		05DB00B1292CC69200FAB389 /* TableRowView.swift in Sources */ = {isa = PBXBuildFile; fileRef = 05EF240E28E6469600334A41 /* TableRowView.swift */; };
		05DB00B4292CC69200FAB389 /* Highlightr.framework in Frameworks */ = {isa = PBXBuildFile; fileRef = 057AAF6328E5FE22004CB733 /* Highlightr.framework */; };
		05DB00B7292CC69200FAB389 /* License-Highlightr.txt in Resources */ = {isa = PBXBuildFile; fileRef = 05EF242E28E6491700334A41 /* License-Highlightr.txt */; };
		05DB00B8292CC69200FAB389 /* ThemeWindowController.xib in Resources */ = {isa = PBXBuildFile; fileRef = 05EF242A28E6474500334A41 /* ThemeWindowController.xib */; };
		05DB00B9292CC69200FAB389 /* ConfigValueViewController.xib in Resources */ = {isa = PBXBuildFile; fileRef = 05EF241528E6472600334A41 /* ConfigValueViewController.xib */; };
		05DB00BA292CC69200FAB389 /* Assets.xcassets in Resources */ = {isa = PBXBuildFile; fileRef = 0572AD0628E47BCF000AFC79 /* Assets.xcassets */; };
		05DB00BB292CC69200FAB389 /* AboutWindowController.xib in Resources */ = {isa = PBXBuildFile; fileRef = 05EF241228E6472300334A41 /* AboutWindowController.xib */; };
		05DB00BC292CC69200FAB389 /* ConfigViewItem.xib in Resources */ = {isa = PBXBuildFile; fileRef = 05EF241B28E6472F00334A41 /* ConfigViewItem.xib */; };
		05DB00BD292CC69200FAB389 /* MainWindowController.xib in Resources */ = {isa = PBXBuildFile; fileRef = 05EF242428E6473E00334A41 /* MainWindowController.xib */; };
		05DB00BE292CC69200FAB389 /* MainMenu.xib in Resources */ = {isa = PBXBuildFile; fileRef = 0572AD0828E47BCF000AFC79 /* MainMenu.xib */; };
		05DB00BF292CC69200FAB389 /* ConfigViewController.xib in Resources */ = {isa = PBXBuildFile; fileRef = 05EF241828E6472C00334A41 /* ConfigViewController.xib */; };
		05DB00C0292CC69200FAB389 /* License-Uncrustify.txt in Resources */ = {isa = PBXBuildFile; fileRef = 05EF242C28E6489A00334A41 /* License-Uncrustify.txt */; };
		05DB00C1292CC69200FAB389 /* TextViewController.xib in Resources */ = {isa = PBXBuildFile; fileRef = 05EF242728E6474200334A41 /* TextViewController.xib */; };
		05DB00C2292CC69200FAB389 /* CreditsWindowController.xib in Resources */ = {isa = PBXBuildFile; fileRef = 05EF241E28E6473400334A41 /* CreditsWindowController.xib */; };
		05DB00C3292CC69200FAB389 /* CFBase.txt in Resources */ = {isa = PBXBuildFile; fileRef = 057AAF5928E5FB3C004CB733 /* CFBase.txt */; };
		05DB00C4292CC69200FAB389 /* CreditViewController.xib in Resources */ = {isa = PBXBuildFile; fileRef = 05EF242128E6473700334A41 /* CreditViewController.xib */; };
		05DB00C6292CC69200FAB389 /* uncrustify in Copy Executables */ = {isa = PBXBuildFile; fileRef = 057AAF4528E5840A004CB733 /* uncrustify */; settings = {ATTRIBUTES = (CodeSignOnCopy, ); }; };
		05DB00C9292CC69200FAB389 /* Highlightr.framework in Copy Frameworks */ = {isa = PBXBuildFile; fileRef = 057AAF6328E5FE22004CB733 /* Highlightr.framework */; settings = {ATTRIBUTES = (CodeSignOnCopy, RemoveHeadersOnCopy, ); }; };
		05EF23FF28E645E700334A41 /* AboutWindowController.swift in Sources */ = {isa = PBXBuildFile; fileRef = 05EF23FE28E645E700334A41 /* AboutWindowController.swift */; };
		05EF240328E6465700334A41 /* Bundle.swift in Sources */ = {isa = PBXBuildFile; fileRef = 05EF240228E6465700334A41 /* Bundle.swift */; };
		05EF240728E6465F00334A41 /* CreditsWindowController.swift in Sources */ = {isa = PBXBuildFile; fileRef = 05EF240428E6465F00334A41 /* CreditsWindowController.swift */; };
		05EF240828E6465F00334A41 /* CreditViewController.swift in Sources */ = {isa = PBXBuildFile; fileRef = 05EF240528E6465F00334A41 /* CreditViewController.swift */; };
		05EF240928E6465F00334A41 /* Credit.swift in Sources */ = {isa = PBXBuildFile; fileRef = 05EF240628E6465F00334A41 /* Credit.swift */; };
		05EF240F28E6469600334A41 /* TableRowView.swift in Sources */ = {isa = PBXBuildFile; fileRef = 05EF240E28E6469600334A41 /* TableRowView.swift */; };
		05EF241028E6472300334A41 /* AboutWindowController.xib in Resources */ = {isa = PBXBuildFile; fileRef = 05EF241228E6472300334A41 /* AboutWindowController.xib */; };
		05EF241328E6472600334A41 /* ConfigValueViewController.xib in Resources */ = {isa = PBXBuildFile; fileRef = 05EF241528E6472600334A41 /* ConfigValueViewController.xib */; };
		05EF241628E6472C00334A41 /* ConfigViewController.xib in Resources */ = {isa = PBXBuildFile; fileRef = 05EF241828E6472C00334A41 /* ConfigViewController.xib */; };
		05EF241928E6472F00334A41 /* ConfigViewItem.xib in Resources */ = {isa = PBXBuildFile; fileRef = 05EF241B28E6472F00334A41 /* ConfigViewItem.xib */; };
		05EF241C28E6473400334A41 /* CreditsWindowController.xib in Resources */ = {isa = PBXBuildFile; fileRef = 05EF241E28E6473400334A41 /* CreditsWindowController.xib */; };
		05EF241F28E6473700334A41 /* CreditViewController.xib in Resources */ = {isa = PBXBuildFile; fileRef = 05EF242128E6473700334A41 /* CreditViewController.xib */; };
		05EF242228E6473E00334A41 /* MainWindowController.xib in Resources */ = {isa = PBXBuildFile; fileRef = 05EF242428E6473E00334A41 /* MainWindowController.xib */; };
		05EF242528E6474200334A41 /* TextViewController.xib in Resources */ = {isa = PBXBuildFile; fileRef = 05EF242728E6474200334A41 /* TextViewController.xib */; };
		05EF242828E6474500334A41 /* ThemeWindowController.xib in Resources */ = {isa = PBXBuildFile; fileRef = 05EF242A28E6474500334A41 /* ThemeWindowController.xib */; };
		05EF242D28E6489A00334A41 /* License-Uncrustify.txt in Resources */ = {isa = PBXBuildFile; fileRef = 05EF242C28E6489A00334A41 /* License-Uncrustify.txt */; };
		05EF242F28E6491700334A41 /* License-Highlightr.txt in Resources */ = {isa = PBXBuildFile; fileRef = 05EF242E28E6491700334A41 /* License-Highlightr.txt */; };
		05EF243228E743D500334A41 /* BoolConverter.swift in Sources */ = {isa = PBXBuildFile; fileRef = 05EF243128E743D500334A41 /* BoolConverter.swift */; };
		05EF243528E7493900334A41 /* IntegerConverter.swift in Sources */ = {isa = PBXBuildFile; fileRef = 05EF243428E7493900334A41 /* IntegerConverter.swift */; };
/* End PBXBuildFile section */

/* Begin PBXContainerItemProxy section */
		057AAF6028E5FE22004CB733 /* PBXContainerItemProxy */ = {
			isa = PBXContainerItemProxy;
			containerPortal = 057AAF5B28E5FE22004CB733 /* Highlightr.xcodeproj */;
			proxyType = 2;
			remoteGlobalIDString = 8C2FB1C21F39118F00469D0D;
			remoteInfo = "Highlightr-iOS";
		};
		057AAF6228E5FE22004CB733 /* PBXContainerItemProxy */ = {
			isa = PBXContainerItemProxy;
			containerPortal = 057AAF5B28E5FE22004CB733 /* Highlightr.xcodeproj */;
			proxyType = 2;
			remoteGlobalIDString = 8CD1AE161F391713000FDA02;
			remoteInfo = "Highlightr-macOS";
		};
		057AAF6428E5FE2D004CB733 /* PBXContainerItemProxy */ = {
			isa = PBXContainerItemProxy;
			containerPortal = 057AAF5B28E5FE22004CB733 /* Highlightr.xcodeproj */;
			proxyType = 1;
			remoteGlobalIDString = 8CD1AE151F391713000FDA02;
			remoteInfo = "Highlightr-macOS";
		};
		05A0848428ECA4A5008FD8EA /* PBXContainerItemProxy */ = {
			isa = PBXContainerItemProxy;
			containerPortal = 05A0847F28ECA4A5008FD8EA /* GitHubUpdates.xcodeproj */;
			proxyType = 2;
			remoteGlobalIDString = 05F82B251EF32EA700EC8A93;
			remoteInfo = GitHubUpdates;
		};
		05A0848628ECA4A5008FD8EA /* PBXContainerItemProxy */ = {
			isa = PBXContainerItemProxy;
			containerPortal = 05A0847F28ECA4A5008FD8EA /* GitHubUpdates.xcodeproj */;
			proxyType = 2;
			remoteGlobalIDString = 0555EBA01EF3DDA10016167F;
			remoteInfo = Relauncher;
		};
		05A0848A28ECA4BA008FD8EA /* PBXContainerItemProxy */ = {
			isa = PBXContainerItemProxy;
			containerPortal = 05A0847F28ECA4A5008FD8EA /* GitHubUpdates.xcodeproj */;
			proxyType = 1;
			remoteGlobalIDString = 05F82B241EF32EA700EC8A93;
			remoteInfo = GitHubUpdates;
		};
		05DB0098292CC69200FAB389 /* PBXContainerItemProxy */ = {
			isa = PBXContainerItemProxy;
			containerPortal = 057AAF5B28E5FE22004CB733 /* Highlightr.xcodeproj */;
			proxyType = 1;
			remoteGlobalIDString = 8CD1AE151F391713000FDA02;
			remoteInfo = "Highlightr-macOS";
		};
/* End PBXContainerItemProxy section */

/* Begin PBXCopyFilesBuildPhase section */
		057AAF4628E58415004CB733 /* Copy Executables */ = {
			isa = PBXCopyFilesBuildPhase;
			buildActionMask = 2147483647;
			dstPath = "";
			dstSubfolderSpec = 6;
			files = (
				057AAF4728E58428004CB733 /* uncrustify in Copy Executables */,
			);
			name = "Copy Executables";
			runOnlyForDeploymentPostprocessing = 0;
		};
		057AAF6828E5FE3B004CB733 /* Copy Frameworks */ = {
			isa = PBXCopyFilesBuildPhase;
			buildActionMask = 2147483647;
			dstPath = "";
			dstSubfolderSpec = 10;
			files = (
				05A0848C28ECA4C1008FD8EA /* GitHubUpdates.framework in Copy Frameworks */,
				057AAF6928E5FE48004CB733 /* Highlightr.framework in Copy Frameworks */,
			);
			name = "Copy Frameworks";
			runOnlyForDeploymentPostprocessing = 0;
		};
		05DB00C5292CC69200FAB389 /* Copy Executables */ = {
			isa = PBXCopyFilesBuildPhase;
			buildActionMask = 2147483647;
			dstPath = "";
			dstSubfolderSpec = 6;
			files = (
				05DB00C6292CC69200FAB389 /* uncrustify in Copy Executables */,
			);
			name = "Copy Executables";
			runOnlyForDeploymentPostprocessing = 0;
		};
		05DB00C7292CC69200FAB389 /* Copy Frameworks */ = {
			isa = PBXCopyFilesBuildPhase;
			buildActionMask = 2147483647;
			dstPath = "";
			dstSubfolderSpec = 10;
			files = (
				05DB00C9292CC69200FAB389 /* Highlightr.framework in Copy Frameworks */,
			);
			name = "Copy Frameworks";
			runOnlyForDeploymentPostprocessing = 0;
		};
/* End PBXCopyFilesBuildPhase section */

/* Begin PBXFileReference section */
		052C390528EDED960034E743 /* ArrayCount.swift */ = {isa = PBXFileReference; lastKnownFileType = sourcecode.swift; path = ArrayCount.swift; sourceTree = "<group>"; };
		0572AD0128E47BCF000AFC79 /* Uncrustifier.app */ = {isa = PBXFileReference; explicitFileType = wrapper.application; includeInIndex = 0; path = Uncrustifier.app; sourceTree = BUILT_PRODUCTS_DIR; };
		0572AD0428E47BCF000AFC79 /* ApplicationDelegate.swift */ = {isa = PBXFileReference; lastKnownFileType = sourcecode.swift; path = ApplicationDelegate.swift; sourceTree = "<group>"; };
		0572AD0628E47BCF000AFC79 /* Assets.xcassets */ = {isa = PBXFileReference; lastKnownFileType = folder.assetcatalog; path = Assets.xcassets; sourceTree = "<group>"; };
		0572AD0928E47BCF000AFC79 /* Base */ = {isa = PBXFileReference; lastKnownFileType = file.xib; name = Base; path = Base.lproj/MainMenu.xib; sourceTree = "<group>"; };
		0572AD0B28E47BCF000AFC79 /* Uncrustifier.entitlements */ = {isa = PBXFileReference; lastKnownFileType = text.plist.entitlements; path = Uncrustifier.entitlements; sourceTree = "<group>"; };
		0572AD1328E47C6A000AFC79 /* MainWindowController.swift */ = {isa = PBXFileReference; lastKnownFileType = sourcecode.swift; path = MainWindowController.swift; sourceTree = "<group>"; };
		0572AD1728E4C0F5000AFC79 /* NSError.swift */ = {isa = PBXFileReference; lastKnownFileType = sourcecode.swift; path = NSError.swift; sourceTree = "<group>"; };
		0572AD1928E4C6DE000AFC79 /* NSWindowController.swift */ = {isa = PBXFileReference; lastKnownFileType = sourcecode.swift; path = NSWindowController.swift; sourceTree = "<group>"; };
		0572AD1C28E4D6B5000AFC79 /* CODE_OF_CONDUCT.md */ = {isa = PBXFileReference; lastKnownFileType = net.daringfireball.markdown; path = CODE_OF_CONDUCT.md; sourceTree = "<group>"; };
		0572AD1D28E4D6B5000AFC79 /* Release - ccache.xcconfig */ = {isa = PBXFileReference; lastKnownFileType = text.xcconfig; path = "Release - ccache.xcconfig"; sourceTree = "<group>"; };
		0572AD1E28E4D6B5000AFC79 /* Common.xcconfig */ = {isa = PBXFileReference; lastKnownFileType = text.xcconfig; path = Common.xcconfig; sourceTree = "<group>"; };
		0572AD1F28E4D6B5000AFC79 /* Debug - ccache.xcconfig */ = {isa = PBXFileReference; lastKnownFileType = text.xcconfig; path = "Debug - ccache.xcconfig"; sourceTree = "<group>"; };
		0572AD2028E4D6B5000AFC79 /* Debug.xcconfig */ = {isa = PBXFileReference; lastKnownFileType = text.xcconfig; path = Debug.xcconfig; sourceTree = "<group>"; };
		0572AD2128E4D6B5000AFC79 /* Release.xcconfig */ = {isa = PBXFileReference; lastKnownFileType = text.xcconfig; path = Release.xcconfig; sourceTree = "<group>"; };
		0572AD2228E4D6B5000AFC79 /* README.md */ = {isa = PBXFileReference; lastKnownFileType = net.daringfireball.markdown; path = README.md; sourceTree = "<group>"; };
		0572AD2328E4D6B5000AFC79 /* Release - Library.xcconfig */ = {isa = PBXFileReference; lastKnownFileType = text.xcconfig; path = "Release - Library.xcconfig"; sourceTree = "<group>"; };
		0572AD2528E4D6B5000AFC79 /* Signing.xcconfig */ = {isa = PBXFileReference; lastKnownFileType = text.xcconfig; path = Signing.xcconfig; sourceTree = "<group>"; };
		0572AD2628E4D6B5000AFC79 /* Architectures.xcconfig */ = {isa = PBXFileReference; lastKnownFileType = text.xcconfig; path = Architectures.xcconfig; sourceTree = "<group>"; };
		0572AD2828E4D6B5000AFC79 /* Issues.xcconfig */ = {isa = PBXFileReference; lastKnownFileType = text.xcconfig; path = Issues.xcconfig; sourceTree = "<group>"; };
		0572AD2A28E4D6B5000AFC79 /* Apple-APIs.xcconfig */ = {isa = PBXFileReference; lastKnownFileType = text.xcconfig; path = "Apple-APIs.xcconfig"; sourceTree = "<group>"; };
		0572AD2B28E4D6B5000AFC79 /* Generic-Issues.xcconfig */ = {isa = PBXFileReference; lastKnownFileType = text.xcconfig; path = "Generic-Issues.xcconfig"; sourceTree = "<group>"; };
		0572AD2C28E4D6B5000AFC79 /* Security.xcconfig */ = {isa = PBXFileReference; lastKnownFileType = text.xcconfig; path = Security.xcconfig; sourceTree = "<group>"; };
		0572AD2D28E4D6B5000AFC79 /* Objective-C.xcconfig */ = {isa = PBXFileReference; lastKnownFileType = text.xcconfig; path = "Objective-C.xcconfig"; sourceTree = "<group>"; };
		0572AD2E28E4D6B5000AFC79 /* Analysis-Policy.xcconfig */ = {isa = PBXFileReference; lastKnownFileType = text.xcconfig; path = "Analysis-Policy.xcconfig"; sourceTree = "<group>"; };
		0572AD2F28E4D6B5000AFC79 /* Deployment.xcconfig */ = {isa = PBXFileReference; lastKnownFileType = text.xcconfig; path = Deployment.xcconfig; sourceTree = "<group>"; };
		0572AD3028E4D6B5000AFC79 /* Build-Options.xcconfig */ = {isa = PBXFileReference; lastKnownFileType = text.xcconfig; path = "Build-Options.xcconfig"; sourceTree = "<group>"; };
		0572AD3128E4D6B5000AFC79 /* Swift-Compiler.xcconfig */ = {isa = PBXFileReference; lastKnownFileType = text.xcconfig; path = "Swift-Compiler.xcconfig"; sourceTree = "<group>"; };
		0572AD3228E4D6B5000AFC79 /* Static-Analyzer.xcconfig */ = {isa = PBXFileReference; lastKnownFileType = text.xcconfig; path = "Static-Analyzer.xcconfig"; sourceTree = "<group>"; };
		0572AD3428E4D6B5000AFC79 /* Warnings-Policies.xcconfig */ = {isa = PBXFileReference; lastKnownFileType = text.xcconfig; path = "Warnings-Policies.xcconfig"; sourceTree = "<group>"; };
		0572AD3528E4D6B5000AFC79 /* Code-Generation.xcconfig */ = {isa = PBXFileReference; lastKnownFileType = text.xcconfig; path = "Code-Generation.xcconfig"; sourceTree = "<group>"; };
		0572AD3628E4D6B5000AFC79 /* Language.xcconfig */ = {isa = PBXFileReference; lastKnownFileType = text.xcconfig; path = Language.xcconfig; sourceTree = "<group>"; };
		0572AD3728E4D6B5000AFC79 /* General.xcconfig */ = {isa = PBXFileReference; lastKnownFileType = text.xcconfig; path = General.xcconfig; sourceTree = "<group>"; };
		0572AD3828E4D6B5000AFC79 /* Search-Paths.xcconfig */ = {isa = PBXFileReference; lastKnownFileType = text.xcconfig; path = "Search-Paths.xcconfig"; sourceTree = "<group>"; };
		0572AD3928E4D6B5000AFC79 /* Apple-LLVM.xcconfig */ = {isa = PBXFileReference; lastKnownFileType = text.xcconfig; path = "Apple-LLVM.xcconfig"; sourceTree = "<group>"; };
		0572AD3C28E4D6B5000AFC79 /* Modules.xcconfig */ = {isa = PBXFileReference; lastKnownFileType = text.xcconfig; path = Modules.xcconfig; sourceTree = "<group>"; };
		0572AD3D28E4D6B5000AFC79 /* Objective-C.xcconfig */ = {isa = PBXFileReference; lastKnownFileType = text.xcconfig; path = "Objective-C.xcconfig"; sourceTree = "<group>"; };
		0572AD3E28E4D6B5000AFC79 /* C++.xcconfig */ = {isa = PBXFileReference; lastKnownFileType = text.xcconfig; path = "C++.xcconfig"; sourceTree = "<group>"; };
		0572AD3F28E4D6B5000AFC79 /* Code-Generation.xcconfig */ = {isa = PBXFileReference; lastKnownFileType = text.xcconfig; path = "Code-Generation.xcconfig"; sourceTree = "<group>"; };
		0572AD4028E4D6B5000AFC79 /* Address-Sanitizer.xcconfig */ = {isa = PBXFileReference; lastKnownFileType = text.xcconfig; path = "Address-Sanitizer.xcconfig"; sourceTree = "<group>"; };
		0572AD4128E4D6B5000AFC79 /* Language.xcconfig */ = {isa = PBXFileReference; lastKnownFileType = text.xcconfig; path = Language.xcconfig; sourceTree = "<group>"; };
		0572AD4228E4D6B5000AFC79 /* Warnings.xcconfig */ = {isa = PBXFileReference; lastKnownFileType = text.xcconfig; path = Warnings.xcconfig; sourceTree = "<group>"; };
		0572AD4328E4D6B5000AFC79 /* Undefined-Behavior-Sanitizer.xcconfig */ = {isa = PBXFileReference; lastKnownFileType = text.xcconfig; path = "Undefined-Behavior-Sanitizer.xcconfig"; sourceTree = "<group>"; };
		0572AD4428E4D6B5000AFC79 /* Warning-Policies.xcconfig */ = {isa = PBXFileReference; lastKnownFileType = text.xcconfig; path = "Warning-Policies.xcconfig"; sourceTree = "<group>"; };
		0572AD4628E4D6B5000AFC79 /* Objective-C-ARC.xcconfig */ = {isa = PBXFileReference; lastKnownFileType = text.xcconfig; path = "Objective-C-ARC.xcconfig"; sourceTree = "<group>"; };
		0572AD4728E4D6B5000AFC79 /* Objective-C.xcconfig */ = {isa = PBXFileReference; lastKnownFileType = text.xcconfig; path = "Objective-C.xcconfig"; sourceTree = "<group>"; };
		0572AD4828E4D6B5000AFC79 /* C++.xcconfig */ = {isa = PBXFileReference; lastKnownFileType = text.xcconfig; path = "C++.xcconfig"; sourceTree = "<group>"; };
		0572AD4928E4D6B5000AFC79 /* All-Languages.xcconfig */ = {isa = PBXFileReference; lastKnownFileType = text.xcconfig; path = "All-Languages.xcconfig"; sourceTree = "<group>"; };
		0572AD4A28E4D6B5000AFC79 /* Preprocessing.xcconfig */ = {isa = PBXFileReference; lastKnownFileType = text.xcconfig; path = Preprocessing.xcconfig; sourceTree = "<group>"; };
		0572AD4B28E4D6B5000AFC79 /* Debug - Library.xcconfig */ = {isa = PBXFileReference; lastKnownFileType = text.xcconfig; path = "Debug - Library.xcconfig"; sourceTree = "<group>"; };
		0572AD4C28E4D6B5000AFC79 /* .gitignore */ = {isa = PBXFileReference; lastKnownFileType = text; path = .gitignore; sourceTree = "<group>"; };
		0572AD4E28E4D6B5000AFC79 /* ccache-config.sh */ = {isa = PBXFileReference; lastKnownFileType = text.script.sh; path = "ccache-config.sh"; sourceTree = "<group>"; };
		0572AD4F28E4D6B5000AFC79 /* ccache.sh */ = {isa = PBXFileReference; lastKnownFileType = text.script.sh; path = ccache.sh; sourceTree = "<group>"; };
		0572AD5128E4D6B5000AFC79 /* FUNDING.yml */ = {isa = PBXFileReference; lastKnownFileType = text.yaml; path = FUNDING.yml; sourceTree = "<group>"; };
		0572AD5228E4D6B5000AFC79 /* Debug - zld.xcconfig */ = {isa = PBXFileReference; lastKnownFileType = text.xcconfig; path = "Debug - zld.xcconfig"; sourceTree = "<group>"; };
		0572AD5328E4D7D3000AFC79 /* Info.plist */ = {isa = PBXFileReference; lastKnownFileType = text.plist.xml; path = Info.plist; sourceTree = "<group>"; };
		0572AD5C28E4DC43000AFC79 /* Config.swift */ = {isa = PBXFileReference; lastKnownFileType = sourcecode.swift; path = Config.swift; sourceTree = "<group>"; };
		0572AD5E28E4DC5D000AFC79 /* ConfigValue.swift */ = {isa = PBXFileReference; lastKnownFileType = sourcecode.swift; path = ConfigValue.swift; sourceTree = "<group>"; };
		0572AD6028E4E3AA000AFC79 /* ConfigValueViewController.swift */ = {isa = PBXFileReference; lastKnownFileType = sourcecode.swift; path = ConfigValueViewController.swift; sourceTree = "<group>"; };
		057AAF1128E577CE004CB733 /* ConfigViewController.swift */ = {isa = PBXFileReference; lastKnownFileType = sourcecode.swift; path = ConfigViewController.swift; sourceTree = "<group>"; };
		057AAF1528E578B4004CB733 /* TextViewController.swift */ = {isa = PBXFileReference; lastKnownFileType = sourcecode.swift; path = TextViewController.swift; sourceTree = "<group>"; };
		057AAF1928E57913004CB733 /* NSView.swift */ = {isa = PBXFileReference; lastKnownFileType = sourcecode.swift; path = NSView.swift; sourceTree = "<group>"; };
		057AAF1F28E581E8004CB733 /* Makefile */ = {isa = PBXFileReference; lastKnownFileType = sourcecode.make; path = Makefile; sourceTree = "<group>"; };
		057AAF2228E581E8004CB733 /* README.md */ = {isa = PBXFileReference; lastKnownFileType = net.daringfireball.markdown; path = README.md; sourceTree = "<group>"; };
		057AAF2328E581E8004CB733 /* .gitignore */ = {isa = PBXFileReference; lastKnownFileType = text; path = .gitignore; sourceTree = "<group>"; };
		057AAF2928E5840A004CB733 /* uncrustify.1 */ = {isa = PBXFileReference; lastKnownFileType = text.man; path = uncrustify.1; sourceTree = "<group>"; };
		057AAF2C28E5840A004CB733 /* ChangeLog */ = {isa = PBXFileReference; lastKnownFileType = text; path = ChangeLog; sourceTree = "<group>"; };
		057AAF2D28E5840A004CB733 /* AUTHORS */ = {isa = PBXFileReference; lastKnownFileType = text; path = AUTHORS; sourceTree = "<group>"; };
		057AAF2E28E5840A004CB733 /* BUGS */ = {isa = PBXFileReference; lastKnownFileType = text; path = BUGS; sourceTree = "<group>"; };
		057AAF2F28E5840A004CB733 /* README.md */ = {isa = PBXFileReference; lastKnownFileType = net.daringfireball.markdown; path = README.md; sourceTree = "<group>"; };
		057AAF3028E5840A004CB733 /* COPYING */ = {isa = PBXFileReference; lastKnownFileType = text; path = COPYING; sourceTree = "<group>"; };
		057AAF3228E5840A004CB733 /* msvc.cfg */ = {isa = PBXFileReference; lastKnownFileType = text; path = msvc.cfg; sourceTree = "<group>"; };
		057AAF3328E5840A004CB733 /* ben2.cfg */ = {isa = PBXFileReference; lastKnownFileType = text; path = ben2.cfg; sourceTree = "<group>"; };
		057AAF3428E5840A004CB733 /* xsupplicant.cfg */ = {isa = PBXFileReference; lastKnownFileType = text; path = xsupplicant.cfg; sourceTree = "<group>"; };
		057AAF3528E5840A004CB733 /* linux-indent.cfg */ = {isa = PBXFileReference; lastKnownFileType = text; path = "linux-indent.cfg"; sourceTree = "<group>"; };
		057AAF3628E5840A004CB733 /* MS-calling_conventions.cfg */ = {isa = PBXFileReference; lastKnownFileType = text; path = "MS-calling_conventions.cfg"; sourceTree = "<group>"; };
		057AAF3728E5840A004CB733 /* objc.cfg */ = {isa = PBXFileReference; lastKnownFileType = text; path = objc.cfg; sourceTree = "<group>"; };
		057AAF3828E5840A004CB733 /* freebsd.cfg */ = {isa = PBXFileReference; lastKnownFileType = text; path = freebsd.cfg; sourceTree = "<group>"; };
		057AAF3928E5840A004CB733 /* kr-indent.cfg */ = {isa = PBXFileReference; lastKnownFileType = text; path = "kr-indent.cfg"; sourceTree = "<group>"; };
		057AAF3A28E5840A004CB733 /* linux.cfg */ = {isa = PBXFileReference; lastKnownFileType = text; path = linux.cfg; sourceTree = "<group>"; };
		057AAF3B28E5840A004CB733 /* klaus.cfg */ = {isa = PBXFileReference; lastKnownFileType = text; path = klaus.cfg; sourceTree = "<group>"; };
		057AAF3C28E5840A004CB733 /* ben.cfg */ = {isa = PBXFileReference; lastKnownFileType = text; path = ben.cfg; sourceTree = "<group>"; };
		057AAF3D28E5840A004CB733 /* mono.cfg */ = {isa = PBXFileReference; lastKnownFileType = text; path = mono.cfg; sourceTree = "<group>"; };
		057AAF3E28E5840A004CB733 /* gnu-indent.cfg */ = {isa = PBXFileReference; lastKnownFileType = text; path = "gnu-indent.cfg"; sourceTree = "<group>"; };
		057AAF3F28E5840A004CB733 /* defaults.cfg */ = {isa = PBXFileReference; lastKnownFileType = text; path = defaults.cfg; sourceTree = "<group>"; };
		057AAF4028E5840A004CB733 /* sun.cfg */ = {isa = PBXFileReference; lastKnownFileType = text; path = sun.cfg; sourceTree = "<group>"; };
		057AAF4128E5840A004CB733 /* d.cfg */ = {isa = PBXFileReference; lastKnownFileType = text; path = d.cfg; sourceTree = "<group>"; };
		057AAF4228E5840A004CB733 /* amxmodx.cfg */ = {isa = PBXFileReference; lastKnownFileType = text; path = amxmodx.cfg; sourceTree = "<group>"; };
		057AAF4328E5840A004CB733 /* HELP */ = {isa = PBXFileReference; lastKnownFileType = text; path = HELP; sourceTree = "<group>"; };
		057AAF4528E5840A004CB733 /* uncrustify */ = {isa = PBXFileReference; lastKnownFileType = "compiled.mach-o.executable"; path = uncrustify; sourceTree = "<group>"; };
		057AAF4828E5846B004CB733 /* Uncrustify.swift */ = {isa = PBXFileReference; lastKnownFileType = sourcecode.swift; path = Uncrustify.swift; sourceTree = "<group>"; };
		057AAF4A28E5973D004CB733 /* Either.swift */ = {isa = PBXFileReference; lastKnownFileType = sourcecode.swift; path = Either.swift; sourceTree = "<group>"; };
		057AAF5328E59F0D004CB733 /* ConfigViewItem.swift */ = {isa = PBXFileReference; lastKnownFileType = sourcecode.swift; path = ConfigViewItem.swift; sourceTree = "<group>"; };
		057AAF5728E5F6AA004CB733 /* BackgroundView.swift */ = {isa = PBXFileReference; lastKnownFileType = sourcecode.swift; path = BackgroundView.swift; sourceTree = "<group>"; };
		057AAF5928E5FB3C004CB733 /* CFBase.txt */ = {isa = PBXFileReference; lastKnownFileType = text; path = CFBase.txt; sourceTree = "<group>"; };
		057AAF5B28E5FE22004CB733 /* Highlightr.xcodeproj */ = {isa = PBXFileReference; lastKnownFileType = "wrapper.pb-project"; name = Highlightr.xcodeproj; path = Submodules/Highlightr/Highlightr.xcodeproj; sourceTree = "<group>"; };
		057AAF6A28E610D4004CB733 /* ThemeViewController.swift */ = {isa = PBXFileReference; lastKnownFileType = sourcecode.swift; path = ThemeViewController.swift; sourceTree = "<group>"; };
		057AAF6E28E616AC004CB733 /* README.md */ = {isa = PBXFileReference; lastKnownFileType = net.daringfireball.markdown; path = README.md; sourceTree = "<group>"; };
		05A0847F28ECA4A5008FD8EA /* GitHubUpdates.xcodeproj */ = {isa = PBXFileReference; lastKnownFileType = "wrapper.pb-project"; name = GitHubUpdates.xcodeproj; path = Submodules/GitHubUpdates/GitHubUpdates.xcodeproj; sourceTree = "<group>"; };
		05B814C129A8EB0000133654 /* NSMenu.swift */ = {isa = PBXFileReference; lastKnownFileType = sourcecode.swift; path = NSMenu.swift; sourceTree = "<group>"; };
		05B814CB29A91A5900133654 /* NSAppearance.swift */ = {isa = PBXFileReference; lastKnownFileType = sourcecode.swift; path = NSAppearance.swift; sourceTree = "<group>"; };
		05B814DF29A91AA600133654 /* NSApplication.swift */ = {isa = PBXFileReference; lastKnownFileType = sourcecode.swift; path = NSApplication.swift; sourceTree = "<group>"; };
		05B814E729A92C6100133654 /* Examples */ = {isa = PBXFileReference; lastKnownFileType = folder; path = Examples; sourceTree = "<group>"; };
		05DB00CD292CC69200FAB389 /* Uncrustifier.app */ = {isa = PBXFileReference; explicitFileType = wrapper.application; includeInIndex = 0; path = Uncrustifier.app; sourceTree = BUILT_PRODUCTS_DIR; };
		05DB00D1292CC6BA00FAB389 /* Uncrustifier AppStore.entitlements */ = {isa = PBXFileReference; lastKnownFileType = text.plist.entitlements; path = "Uncrustifier AppStore.entitlements"; sourceTree = "<group>"; };
		05EF23FE28E645E700334A41 /* AboutWindowController.swift */ = {isa = PBXFileReference; fileEncoding = 4; lastKnownFileType = sourcecode.swift; path = AboutWindowController.swift; sourceTree = "<group>"; };
		05EF240228E6465700334A41 /* Bundle.swift */ = {isa = PBXFileReference; fileEncoding = 4; lastKnownFileType = sourcecode.swift; path = Bundle.swift; sourceTree = "<group>"; };
		05EF240428E6465F00334A41 /* CreditsWindowController.swift */ = {isa = PBXFileReference; fileEncoding = 4; lastKnownFileType = sourcecode.swift; path = CreditsWindowController.swift; sourceTree = "<group>"; };
		05EF240528E6465F00334A41 /* CreditViewController.swift */ = {isa = PBXFileReference; fileEncoding = 4; lastKnownFileType = sourcecode.swift; path = CreditViewController.swift; sourceTree = "<group>"; };
		05EF240628E6465F00334A41 /* Credit.swift */ = {isa = PBXFileReference; fileEncoding = 4; lastKnownFileType = sourcecode.swift; path = Credit.swift; sourceTree = "<group>"; };
		05EF240E28E6469600334A41 /* TableRowView.swift */ = {isa = PBXFileReference; fileEncoding = 4; lastKnownFileType = sourcecode.swift; path = TableRowView.swift; sourceTree = "<group>"; };
		05EF241128E6472300334A41 /* Base */ = {isa = PBXFileReference; lastKnownFileType = file.xib; name = Base; path = Base.lproj/AboutWindowController.xib; sourceTree = "<group>"; };
		05EF241428E6472600334A41 /* Base */ = {isa = PBXFileReference; lastKnownFileType = file.xib; name = Base; path = Base.lproj/ConfigValueViewController.xib; sourceTree = "<group>"; };
		05EF241728E6472C00334A41 /* Base */ = {isa = PBXFileReference; lastKnownFileType = file.xib; name = Base; path = Base.lproj/ConfigViewController.xib; sourceTree = "<group>"; };
		05EF241A28E6472F00334A41 /* Base */ = {isa = PBXFileReference; lastKnownFileType = file.xib; name = Base; path = Base.lproj/ConfigViewItem.xib; sourceTree = "<group>"; };
		05EF241D28E6473400334A41 /* Base */ = {isa = PBXFileReference; lastKnownFileType = file.xib; name = Base; path = Base.lproj/CreditsWindowController.xib; sourceTree = "<group>"; };
		05EF242028E6473700334A41 /* Base */ = {isa = PBXFileReference; lastKnownFileType = file.xib; name = Base; path = Base.lproj/CreditViewController.xib; sourceTree = "<group>"; };
		05EF242328E6473E00334A41 /* Base */ = {isa = PBXFileReference; lastKnownFileType = file.xib; name = Base; path = Base.lproj/MainWindowController.xib; sourceTree = "<group>"; };
		05EF242628E6474200334A41 /* Base */ = {isa = PBXFileReference; lastKnownFileType = file.xib; name = Base; path = Base.lproj/TextViewController.xib; sourceTree = "<group>"; };
		05EF242928E6474500334A41 /* Base */ = {isa = PBXFileReference; lastKnownFileType = file.xib; name = Base; path = Base.lproj/ThemeWindowController.xib; sourceTree = "<group>"; };
		05EF242C28E6489A00334A41 /* License-Uncrustify.txt */ = {isa = PBXFileReference; fileEncoding = 4; lastKnownFileType = text; path = "License-Uncrustify.txt"; sourceTree = "<group>"; };
		05EF242E28E6491700334A41 /* License-Highlightr.txt */ = {isa = PBXFileReference; fileEncoding = 4; lastKnownFileType = text; path = "License-Highlightr.txt"; sourceTree = "<group>"; };
		05EF243128E743D500334A41 /* BoolConverter.swift */ = {isa = PBXFileReference; lastKnownFileType = sourcecode.swift; path = BoolConverter.swift; sourceTree = "<group>"; };
		05EF243428E7493900334A41 /* IntegerConverter.swift */ = {isa = PBXFileReference; lastKnownFileType = sourcecode.swift; path = IntegerConverter.swift; sourceTree = "<group>"; };
/* End PBXFileReference section */

/* Begin PBXFrameworksBuildPhase section */
		0572ACFE28E47BCF000AFC79 /* Frameworks */ = {
			isa = PBXFrameworksBuildPhase;
			buildActionMask = 2147483647;
			files = (
				05A0848928ECA4B6008FD8EA /* GitHubUpdates.framework in Frameworks */,
				057AAF6728E5FE37004CB733 /* Highlightr.framework in Frameworks */,
			);
			runOnlyForDeploymentPostprocessing = 0;
		};
		05DB00B2292CC69200FAB389 /* Frameworks */ = {
			isa = PBXFrameworksBuildPhase;
			buildActionMask = 2147483647;
			files = (
				05DB00B4292CC69200FAB389 /* Highlightr.framework in Frameworks */,
			);
			runOnlyForDeploymentPostprocessing = 0;
		};
/* End PBXFrameworksBuildPhase section */

/* Begin PBXGroup section */
		0572ACF828E47BCF000AFC79 = {
			isa = PBXGroup;
			children = (
				057AAF6E28E616AC004CB733 /* README.md */,
				05A0847F28ECA4A5008FD8EA /* GitHubUpdates.xcodeproj */,
				057AAF5B28E5FE22004CB733 /* Highlightr.xcodeproj */,
				0572AD1B28E4D6B5000AFC79 /* xcconfig */,
				057AAF1C28E581E8004CB733 /* uncrustify-build */,
				0572AD0328E47BCF000AFC79 /* Uncrustifier */,
				0572AD0228E47BCF000AFC79 /* Products */,
				057AAF6628E5FE37004CB733 /* Frameworks */,
			);
			sourceTree = "<group>";
		};
		0572AD0228E47BCF000AFC79 /* Products */ = {
			isa = PBXGroup;
			children = (
				0572AD0128E47BCF000AFC79 /* Uncrustifier.app */,
				05DB00CD292CC69200FAB389 /* Uncrustifier.app */,
			);
			name = Products;
			sourceTree = "<group>";
		};
		0572AD0328E47BCF000AFC79 /* Uncrustifier */ = {
			isa = PBXGroup;
			children = (
				05EF242B28E6488900334A41 /* Resources */,
				0572AD1128E47BD5000AFC79 /* Classes */,
				0572AD5328E4D7D3000AFC79 /* Info.plist */,
				0572AD1228E47BDD000AFC79 /* UI */,
				0572AD0B28E47BCF000AFC79 /* Uncrustifier.entitlements */,
				05DB00D1292CC6BA00FAB389 /* Uncrustifier AppStore.entitlements */,
			);
			path = Uncrustifier;
			sourceTree = "<group>";
		};
		0572AD1128E47BD5000AFC79 /* Classes */ = {
			isa = PBXGroup;
			children = (
				05EF23FE28E645E700334A41 /* AboutWindowController.swift */,
				0572AD0428E47BCF000AFC79 /* ApplicationDelegate.swift */,
				052C390528EDED960034E743 /* ArrayCount.swift */,
				057AAF5728E5F6AA004CB733 /* BackgroundView.swift */,
				0572AD5C28E4DC43000AFC79 /* Config.swift */,
				0572AD5E28E4DC5D000AFC79 /* ConfigValue.swift */,
				0572AD6028E4E3AA000AFC79 /* ConfigValueViewController.swift */,
				057AAF1128E577CE004CB733 /* ConfigViewController.swift */,
				057AAF5328E59F0D004CB733 /* ConfigViewItem.swift */,
				05EF240628E6465F00334A41 /* Credit.swift */,
				05EF240428E6465F00334A41 /* CreditsWindowController.swift */,
				05EF240528E6465F00334A41 /* CreditViewController.swift */,
				057AAF4A28E5973D004CB733 /* Either.swift */,
				057AAF1B28E57929004CB733 /* Extensions */,
				0572AD1328E47C6A000AFC79 /* MainWindowController.swift */,
				05EF240E28E6469600334A41 /* TableRowView.swift */,
				057AAF1528E578B4004CB733 /* TextViewController.swift */,
				057AAF6A28E610D4004CB733 /* ThemeViewController.swift */,
				057AAF4828E5846B004CB733 /* Uncrustify.swift */,
				05EF243128E743D500334A41 /* BoolConverter.swift */,
				05EF243428E7493900334A41 /* IntegerConverter.swift */,
			);
			path = Classes;
			sourceTree = "<group>";
		};
		0572AD1228E47BDD000AFC79 /* UI */ = {
			isa = PBXGroup;
			children = (
				05EF241228E6472300334A41 /* AboutWindowController.xib */,
				0572AD0628E47BCF000AFC79 /* Assets.xcassets */,
				05EF241528E6472600334A41 /* ConfigValueViewController.xib */,
				05EF241828E6472C00334A41 /* ConfigViewController.xib */,
				05EF241B28E6472F00334A41 /* ConfigViewItem.xib */,
				05EF241E28E6473400334A41 /* CreditsWindowController.xib */,
				05EF242128E6473700334A41 /* CreditViewController.xib */,
				0572AD0828E47BCF000AFC79 /* MainMenu.xib */,
				05EF242428E6473E00334A41 /* MainWindowController.xib */,
				05EF242728E6474200334A41 /* TextViewController.xib */,
				05EF242A28E6474500334A41 /* ThemeWindowController.xib */,
			);
			path = UI;
			sourceTree = "<group>";
		};
		0572AD1B28E4D6B5000AFC79 /* xcconfig */ = {
			isa = PBXGroup;
			children = (
				0572AD1C28E4D6B5000AFC79 /* CODE_OF_CONDUCT.md */,
				0572AD1D28E4D6B5000AFC79 /* Release - ccache.xcconfig */,
				0572AD1E28E4D6B5000AFC79 /* Common.xcconfig */,
				0572AD1F28E4D6B5000AFC79 /* Debug - ccache.xcconfig */,
				0572AD2028E4D6B5000AFC79 /* Debug.xcconfig */,
				0572AD2128E4D6B5000AFC79 /* Release.xcconfig */,
				0572AD2228E4D6B5000AFC79 /* README.md */,
				0572AD2328E4D6B5000AFC79 /* Release - Library.xcconfig */,
				0572AD2428E4D6B5000AFC79 /* Common */,
				0572AD4B28E4D6B5000AFC79 /* Debug - Library.xcconfig */,
				0572AD4C28E4D6B5000AFC79 /* .gitignore */,
				0572AD4D28E4D6B5000AFC79 /* Scripts */,
				0572AD5028E4D6B5000AFC79 /* .github */,
				0572AD5228E4D6B5000AFC79 /* Debug - zld.xcconfig */,
			);
			name = xcconfig;
			path = Submodules/xcconfig;
			sourceTree = "<group>";
		};
		0572AD2428E4D6B5000AFC79 /* Common */ = {
			isa = PBXGroup;
			children = (
				0572AD2528E4D6B5000AFC79 /* Signing.xcconfig */,
				0572AD2628E4D6B5000AFC79 /* Architectures.xcconfig */,
				0572AD2728E4D6B5000AFC79 /* Static-Analyzer */,
				0572AD2F28E4D6B5000AFC79 /* Deployment.xcconfig */,
				0572AD3028E4D6B5000AFC79 /* Build-Options.xcconfig */,
				0572AD3128E4D6B5000AFC79 /* Swift-Compiler.xcconfig */,
				0572AD3228E4D6B5000AFC79 /* Static-Analyzer.xcconfig */,
				0572AD3328E4D6B5000AFC79 /* Swift-Compiler */,
				0572AD3828E4D6B5000AFC79 /* Search-Paths.xcconfig */,
				0572AD3928E4D6B5000AFC79 /* Apple-LLVM.xcconfig */,
				0572AD3A28E4D6B5000AFC79 /* Apple-LLVM */,
			);
			path = Common;
			sourceTree = "<group>";
		};
		0572AD2728E4D6B5000AFC79 /* Static-Analyzer */ = {
			isa = PBXGroup;
			children = (
				0572AD2828E4D6B5000AFC79 /* Issues.xcconfig */,
				0572AD2928E4D6B5000AFC79 /* Issues */,
			);
			path = "Static-Analyzer";
			sourceTree = "<group>";
		};
		0572AD2928E4D6B5000AFC79 /* Issues */ = {
			isa = PBXGroup;
			children = (
				0572AD2A28E4D6B5000AFC79 /* Apple-APIs.xcconfig */,
				0572AD2B28E4D6B5000AFC79 /* Generic-Issues.xcconfig */,
				0572AD2C28E4D6B5000AFC79 /* Security.xcconfig */,
				0572AD2D28E4D6B5000AFC79 /* Objective-C.xcconfig */,
				0572AD2E28E4D6B5000AFC79 /* Analysis-Policy.xcconfig */,
			);
			path = Issues;
			sourceTree = "<group>";
		};
		0572AD3328E4D6B5000AFC79 /* Swift-Compiler */ = {
			isa = PBXGroup;
			children = (
				0572AD3428E4D6B5000AFC79 /* Warnings-Policies.xcconfig */,
				0572AD3528E4D6B5000AFC79 /* Code-Generation.xcconfig */,
				0572AD3628E4D6B5000AFC79 /* Language.xcconfig */,
				0572AD3728E4D6B5000AFC79 /* General.xcconfig */,
			);
			path = "Swift-Compiler";
			sourceTree = "<group>";
		};
		0572AD3A28E4D6B5000AFC79 /* Apple-LLVM */ = {
			isa = PBXGroup;
			children = (
				0572AD3B28E4D6B5000AFC79 /* Language */,
				0572AD3F28E4D6B5000AFC79 /* Code-Generation.xcconfig */,
				0572AD4028E4D6B5000AFC79 /* Address-Sanitizer.xcconfig */,
				0572AD4128E4D6B5000AFC79 /* Language.xcconfig */,
				0572AD4228E4D6B5000AFC79 /* Warnings.xcconfig */,
				0572AD4328E4D6B5000AFC79 /* Undefined-Behavior-Sanitizer.xcconfig */,
				0572AD4428E4D6B5000AFC79 /* Warning-Policies.xcconfig */,
				0572AD4528E4D6B5000AFC79 /* Warnings */,
				0572AD4A28E4D6B5000AFC79 /* Preprocessing.xcconfig */,
			);
			path = "Apple-LLVM";
			sourceTree = "<group>";
		};
		0572AD3B28E4D6B5000AFC79 /* Language */ = {
			isa = PBXGroup;
			children = (
				0572AD3C28E4D6B5000AFC79 /* Modules.xcconfig */,
				0572AD3D28E4D6B5000AFC79 /* Objective-C.xcconfig */,
				0572AD3E28E4D6B5000AFC79 /* C++.xcconfig */,
			);
			path = Language;
			sourceTree = "<group>";
		};
		0572AD4528E4D6B5000AFC79 /* Warnings */ = {
			isa = PBXGroup;
			children = (
				0572AD4628E4D6B5000AFC79 /* Objective-C-ARC.xcconfig */,
				0572AD4728E4D6B5000AFC79 /* Objective-C.xcconfig */,
				0572AD4828E4D6B5000AFC79 /* C++.xcconfig */,
				0572AD4928E4D6B5000AFC79 /* All-Languages.xcconfig */,
			);
			path = Warnings;
			sourceTree = "<group>";
		};
		0572AD4D28E4D6B5000AFC79 /* Scripts */ = {
			isa = PBXGroup;
			children = (
				0572AD4E28E4D6B5000AFC79 /* ccache-config.sh */,
				0572AD4F28E4D6B5000AFC79 /* ccache.sh */,
			);
			path = Scripts;
			sourceTree = "<group>";
		};
		0572AD5028E4D6B5000AFC79 /* .github */ = {
			isa = PBXGroup;
			children = (
				0572AD5128E4D6B5000AFC79 /* FUNDING.yml */,
			);
			path = .github;
			sourceTree = "<group>";
		};
		057AAF1B28E57929004CB733 /* Extensions */ = {
			isa = PBXGroup;
			children = (
				05EF240228E6465700334A41 /* Bundle.swift */,
				0572AD1728E4C0F5000AFC79 /* NSError.swift */,
				057AAF1928E57913004CB733 /* NSView.swift */,
				0572AD1928E4C6DE000AFC79 /* NSWindowController.swift */,
				05B814C129A8EB0000133654 /* NSMenu.swift */,
				05B814CB29A91A5900133654 /* NSAppearance.swift */,
				05B814DF29A91AA600133654 /* NSApplication.swift */,
			);
			path = Extensions;
			sourceTree = "<group>";
		};
		057AAF1C28E581E8004CB733 /* uncrustify-build */ = {
			isa = PBXGroup;
			children = (
				057AAF1D28E581E8004CB733 /* dist */,
				057AAF1F28E581E8004CB733 /* Makefile */,
				057AAF2228E581E8004CB733 /* README.md */,
				057AAF2328E581E8004CB733 /* .gitignore */,
			);
			name = "uncrustify-build";
			path = "Submodules/uncrustify-build";
			sourceTree = "<group>";
		};
		057AAF1D28E581E8004CB733 /* dist */ = {
			isa = PBXGroup;
			children = (
				057AAF4428E5840A004CB733 /* bin */,
				057AAF2628E5840A004CB733 /* share */,
			);
			path = dist;
			sourceTree = "<group>";
		};
		057AAF2628E5840A004CB733 /* share */ = {
			isa = PBXGroup;
			children = (
				057AAF2728E5840A004CB733 /* man */,
				057AAF2A28E5840A004CB733 /* doc */,
			);
			path = share;
			sourceTree = "<group>";
		};
		057AAF2728E5840A004CB733 /* man */ = {
			isa = PBXGroup;
			children = (
				057AAF2828E5840A004CB733 /* man1 */,
			);
			path = man;
			sourceTree = "<group>";
		};
		057AAF2828E5840A004CB733 /* man1 */ = {
			isa = PBXGroup;
			children = (
				057AAF2928E5840A004CB733 /* uncrustify.1 */,
			);
			path = man1;
			sourceTree = "<group>";
		};
		057AAF2A28E5840A004CB733 /* doc */ = {
			isa = PBXGroup;
			children = (
				057AAF2B28E5840A004CB733 /* uncrustify */,
			);
			path = doc;
			sourceTree = "<group>";
		};
		057AAF2B28E5840A004CB733 /* uncrustify */ = {
			isa = PBXGroup;
			children = (
				057AAF2C28E5840A004CB733 /* ChangeLog */,
				057AAF2D28E5840A004CB733 /* AUTHORS */,
				057AAF2E28E5840A004CB733 /* BUGS */,
				057AAF2F28E5840A004CB733 /* README.md */,
				057AAF3028E5840A004CB733 /* COPYING */,
				057AAF3128E5840A004CB733 /* examples */,
				057AAF4328E5840A004CB733 /* HELP */,
			);
			path = uncrustify;
			sourceTree = "<group>";
		};
		057AAF3128E5840A004CB733 /* examples */ = {
			isa = PBXGroup;
			children = (
				057AAF3228E5840A004CB733 /* msvc.cfg */,
				057AAF3328E5840A004CB733 /* ben2.cfg */,
				057AAF3428E5840A004CB733 /* xsupplicant.cfg */,
				057AAF3528E5840A004CB733 /* linux-indent.cfg */,
				057AAF3628E5840A004CB733 /* MS-calling_conventions.cfg */,
				057AAF3728E5840A004CB733 /* objc.cfg */,
				057AAF3828E5840A004CB733 /* freebsd.cfg */,
				057AAF3928E5840A004CB733 /* kr-indent.cfg */,
				057AAF3A28E5840A004CB733 /* linux.cfg */,
				057AAF3B28E5840A004CB733 /* klaus.cfg */,
				057AAF3C28E5840A004CB733 /* ben.cfg */,
				057AAF3D28E5840A004CB733 /* mono.cfg */,
				057AAF3E28E5840A004CB733 /* gnu-indent.cfg */,
				057AAF3F28E5840A004CB733 /* defaults.cfg */,
				057AAF4028E5840A004CB733 /* sun.cfg */,
				057AAF4128E5840A004CB733 /* d.cfg */,
				057AAF4228E5840A004CB733 /* amxmodx.cfg */,
			);
			path = examples;
			sourceTree = "<group>";
		};
		057AAF4428E5840A004CB733 /* bin */ = {
			isa = PBXGroup;
			children = (
				057AAF4528E5840A004CB733 /* uncrustify */,
			);
			path = bin;
			sourceTree = "<group>";
		};
		057AAF5C28E5FE22004CB733 /* Products */ = {
			isa = PBXGroup;
			children = (
				057AAF6128E5FE22004CB733 /* Highlightr.framework */,
				057AAF6328E5FE22004CB733 /* Highlightr.framework */,
			);
			name = Products;
			sourceTree = "<group>";
		};
		057AAF6628E5FE37004CB733 /* Frameworks */ = {
			isa = PBXGroup;
			children = (
			);
			name = Frameworks;
			sourceTree = "<group>";
		};
		05A0848028ECA4A5008FD8EA /* Products */ = {
			isa = PBXGroup;
			children = (
				05A0848528ECA4A5008FD8EA /* GitHubUpdates.framework */,
				05A0848728ECA4A5008FD8EA /* Relauncher */,
			);
			name = Products;
			sourceTree = "<group>";
		};
		05EF242B28E6488900334A41 /* Resources */ = {
			isa = PBXGroup;
			children = (
				057AAF5928E5FB3C004CB733 /* CFBase.txt */,
				05EF242E28E6491700334A41 /* License-Highlightr.txt */,
				05EF242C28E6489A00334A41 /* License-Uncrustify.txt */,
				05B814E729A92C6100133654 /* Examples */,
			);
			path = Resources;
			sourceTree = "<group>";
		};
/* End PBXGroup section */

/* Begin PBXNativeTarget section */
		0572AD0028E47BCF000AFC79 /* Uncrustifier */ = {
			isa = PBXNativeTarget;
			buildConfigurationList = 0572AD0E28E47BCF000AFC79 /* Build configuration list for PBXNativeTarget "Uncrustifier" */;
			buildPhases = (
				0572ACFD28E47BCF000AFC79 /* Sources */,
				0572ACFE28E47BCF000AFC79 /* Frameworks */,
				050E0EFB28EB3E490080C562 /* Set Bundle Version */,
				0572ACFF28E47BCF000AFC79 /* Resources */,
				057AAF4628E58415004CB733 /* Copy Executables */,
				057AAF6828E5FE3B004CB733 /* Copy Frameworks */,
			);
			buildRules = (
			);
			dependencies = (
				05A0848B28ECA4BA008FD8EA /* PBXTargetDependency */,
				057AAF6528E5FE2D004CB733 /* PBXTargetDependency */,
			);
			name = Uncrustifier;
			productName = Uncrustifier;
			productReference = 0572AD0128E47BCF000AFC79 /* Uncrustifier.app */;
			productType = "com.apple.product-type.application";
		};
		05DB0094292CC69200FAB389 /* Uncrustifier AppStore */ = {
			isa = PBXNativeTarget;
			buildConfigurationList = 05DB00CA292CC69200FAB389 /* Build configuration list for PBXNativeTarget "Uncrustifier AppStore" */;
			buildPhases = (
				05DB0099292CC69200FAB389 /* Sources */,
				05DB00B2292CC69200FAB389 /* Frameworks */,
				05DB00B5292CC69200FAB389 /* Set Bundle Version */,
				05DB00B6292CC69200FAB389 /* Resources */,
				05DB00C5292CC69200FAB389 /* Copy Executables */,
				05DB00C7292CC69200FAB389 /* Copy Frameworks */,
			);
			buildRules = (
			);
			dependencies = (
				05DB0097292CC69200FAB389 /* PBXTargetDependency */,
			);
			name = "Uncrustifier AppStore";
			productName = Uncrustifier;
			productReference = 05DB00CD292CC69200FAB389 /* Uncrustifier.app */;
			productType = "com.apple.product-type.application";
		};
/* End PBXNativeTarget section */

/* Begin PBXProject section */
		0572ACF928E47BCF000AFC79 /* Project object */ = {
			isa = PBXProject;
			attributes = {
				BuildIndependentTargetsInParallel = 1;
				LastSwiftUpdateCheck = 1400;
				LastUpgradeCheck = 1400;
				TargetAttributes = {
					0572AD0028E47BCF000AFC79 = {
						CreatedOnToolsVersion = 14.0.1;
					};
				};
			};
			buildConfigurationList = 0572ACFC28E47BCF000AFC79 /* Build configuration list for PBXProject "Uncrustifier" */;
			compatibilityVersion = "Xcode 14.0";
			developmentRegion = en;
			hasScannedForEncodings = 0;
			knownRegions = (
				en,
				Base,
			);
			mainGroup = 0572ACF828E47BCF000AFC79;
			productRefGroup = 0572AD0228E47BCF000AFC79 /* Products */;
			projectDirPath = "";
			projectReferences = (
				{
					ProductGroup = 05A0848028ECA4A5008FD8EA /* Products */;
					ProjectRef = 05A0847F28ECA4A5008FD8EA /* GitHubUpdates.xcodeproj */;
				},
				{
					ProductGroup = 057AAF5C28E5FE22004CB733 /* Products */;
					ProjectRef = 057AAF5B28E5FE22004CB733 /* Highlightr.xcodeproj */;
				},
			);
			projectRoot = "";
			targets = (
				0572AD0028E47BCF000AFC79 /* Uncrustifier */,
				05DB0094292CC69200FAB389 /* Uncrustifier AppStore */,
			);
		};
/* End PBXProject section */

/* Begin PBXReferenceProxy section */
		057AAF6128E5FE22004CB733 /* Highlightr.framework */ = {
			isa = PBXReferenceProxy;
			fileType = wrapper.framework;
			path = Highlightr.framework;
			remoteRef = 057AAF6028E5FE22004CB733 /* PBXContainerItemProxy */;
			sourceTree = BUILT_PRODUCTS_DIR;
		};
		057AAF6328E5FE22004CB733 /* Highlightr.framework */ = {
			isa = PBXReferenceProxy;
			fileType = wrapper.framework;
			path = Highlightr.framework;
			remoteRef = 057AAF6228E5FE22004CB733 /* PBXContainerItemProxy */;
			sourceTree = BUILT_PRODUCTS_DIR;
		};
		05A0848528ECA4A5008FD8EA /* GitHubUpdates.framework */ = {
			isa = PBXReferenceProxy;
			fileType = wrapper.framework;
			path = GitHubUpdates.framework;
			remoteRef = 05A0848428ECA4A5008FD8EA /* PBXContainerItemProxy */;
			sourceTree = BUILT_PRODUCTS_DIR;
		};
		05A0848728ECA4A5008FD8EA /* Relauncher */ = {
			isa = PBXReferenceProxy;
			fileType = "compiled.mach-o.executable";
			path = Relauncher;
			remoteRef = 05A0848628ECA4A5008FD8EA /* PBXContainerItemProxy */;
			sourceTree = BUILT_PRODUCTS_DIR;
		};
/* End PBXReferenceProxy section */

/* Begin PBXResourcesBuildPhase section */
		0572ACFF28E47BCF000AFC79 /* Resources */ = {
			isa = PBXResourcesBuildPhase;
			buildActionMask = 2147483647;
			files = (
				05EF242F28E6491700334A41 /* License-Highlightr.txt in Resources */,
				05EF242828E6474500334A41 /* ThemeWindowController.xib in Resources */,
				05EF241328E6472600334A41 /* ConfigValueViewController.xib in Resources */,
				0572AD0728E47BCF000AFC79 /* Assets.xcassets in Resources */,
				05B814EA29A92C6100133654 /* Examples in Resources */,
				05EF241028E6472300334A41 /* AboutWindowController.xib in Resources */,
				05EF241928E6472F00334A41 /* ConfigViewItem.xib in Resources */,
				05EF242228E6473E00334A41 /* MainWindowController.xib in Resources */,
				0572AD0A28E47BCF000AFC79 /* MainMenu.xib in Resources */,
				05EF241628E6472C00334A41 /* ConfigViewController.xib in Resources */,
				05EF242D28E6489A00334A41 /* License-Uncrustify.txt in Resources */,
				05EF242528E6474200334A41 /* TextViewController.xib in Resources */,
				05EF241C28E6473400334A41 /* CreditsWindowController.xib in Resources */,
				057AAF5A28E5FB47004CB733 /* CFBase.txt in Resources */,
				05EF241F28E6473700334A41 /* CreditViewController.xib in Resources */,
			);
			runOnlyForDeploymentPostprocessing = 0;
		};
		05DB00B6292CC69200FAB389 /* Resources */ = {
			isa = PBXResourcesBuildPhase;
			buildActionMask = 2147483647;
			files = (
				05DB00B7292CC69200FAB389 /* License-Highlightr.txt in Resources */,
				05DB00B8292CC69200FAB389 /* ThemeWindowController.xib in Resources */,
				05DB00B9292CC69200FAB389 /* ConfigValueViewController.xib in Resources */,
				05DB00BA292CC69200FAB389 /* Assets.xcassets in Resources */,
				05B814EB29A92C6100133654 /* Examples in Resources */,
				05DB00BB292CC69200FAB389 /* AboutWindowController.xib in Resources */,
				05DB00BC292CC69200FAB389 /* ConfigViewItem.xib in Resources */,
				05DB00BD292CC69200FAB389 /* MainWindowController.xib in Resources */,
				05DB00BE292CC69200FAB389 /* MainMenu.xib in Resources */,
				05DB00BF292CC69200FAB389 /* ConfigViewController.xib in Resources */,
				05DB00C0292CC69200FAB389 /* License-Uncrustify.txt in Resources */,
				05DB00C1292CC69200FAB389 /* TextViewController.xib in Resources */,
				05DB00C2292CC69200FAB389 /* CreditsWindowController.xib in Resources */,
				05DB00C3292CC69200FAB389 /* CFBase.txt in Resources */,
				05DB00C4292CC69200FAB389 /* CreditViewController.xib in Resources */,
			);
			runOnlyForDeploymentPostprocessing = 0;
		};
/* End PBXResourcesBuildPhase section */

/* Begin PBXShellScriptBuildPhase section */
		050E0EFB28EB3E490080C562 /* Set Bundle Version */ = {
			isa = PBXShellScriptBuildPhase;
			alwaysOutOfDate = 1;
			buildActionMask = 2147483647;
			files = (
			);
			inputFileListPaths = (
			);
			inputPaths = (
			);
			name = "Set Bundle Version";
			outputFileListPaths = (
			);
			outputPaths = (
			);
			runOnlyForDeploymentPostprocessing = 0;
			shellPath = /bin/sh;
			shellScript = "#!/bin/bash\nif [ \"${CONFIGURATION}\" = \"Release\" ]; then\n    plist=\"Uncrustifier/Info.plist\"\n    rev=$(git rev-list HEAD | wc -l)\n    /usr/libexec/PlistBuddy -c \"Set :CFBundleVersion $rev\" \"$plist\"\nfi\n";
		};
		05DB00B5292CC69200FAB389 /* Set Bundle Version */ = {
			isa = PBXShellScriptBuildPhase;
			alwaysOutOfDate = 1;
			buildActionMask = 2147483647;
			files = (
			);
			inputFileListPaths = (
			);
			inputPaths = (
			);
			name = "Set Bundle Version";
			outputFileListPaths = (
			);
			outputPaths = (
			);
			runOnlyForDeploymentPostprocessing = 0;
			shellPath = /bin/sh;
			shellScript = "#!/bin/bash\nif [ \"${CONFIGURATION}\" = \"Release\" ]; then\n    plist=\"Uncrustifier/Info.plist\"\n    rev=$(git rev-list HEAD | wc -l)\n    /usr/libexec/PlistBuddy -c \"Set :CFBundleVersion $rev\" \"$plist\"\nfi\n";
		};
/* End PBXShellScriptBuildPhase section */

/* Begin PBXSourcesBuildPhase section */
		0572ACFD28E47BCF000AFC79 /* Sources */ = {
			isa = PBXSourcesBuildPhase;
			buildActionMask = 2147483647;
			files = (
				05EF240828E6465F00334A41 /* CreditViewController.swift in Sources */,
				057AAF6B28E610D4004CB733 /* ThemeViewController.swift in Sources */,
				0572AD1A28E4C6DE000AFC79 /* NSWindowController.swift in Sources */,
				0572AD1428E47C6A000AFC79 /* MainWindowController.swift in Sources */,
				05B814CC29A91A5900133654 /* NSAppearance.swift in Sources */,
				057AAF5428E59F0D004CB733 /* ConfigViewItem.swift in Sources */,
				057AAF1228E577CE004CB733 /* ConfigViewController.swift in Sources */,
				057AAF1A28E57913004CB733 /* NSView.swift in Sources */,
				057AAF4B28E5973D004CB733 /* Either.swift in Sources */,
				0572AD5D28E4DC43000AFC79 /* Config.swift in Sources */,
				0572AD0528E47BCF000AFC79 /* ApplicationDelegate.swift in Sources */,
				057AAF4928E5846B004CB733 /* Uncrustify.swift in Sources */,
				05B814E029A91AA600133654 /* NSApplication.swift in Sources */,
				05B814C229A8EB0000133654 /* NSMenu.swift in Sources */,
				052C390628EDED960034E743 /* ArrayCount.swift in Sources */,
				0572AD1828E4C0F5000AFC79 /* NSError.swift in Sources */,
				057AAF5828E5F6AA004CB733 /* BackgroundView.swift in Sources */,
				057AAF1628E578B4004CB733 /* TextViewController.swift in Sources */,
				05EF243228E743D500334A41 /* BoolConverter.swift in Sources */,
				05EF240928E6465F00334A41 /* Credit.swift in Sources */,
				05EF240328E6465700334A41 /* Bundle.swift in Sources */,
				05EF240728E6465F00334A41 /* CreditsWindowController.swift in Sources */,
				05EF23FF28E645E700334A41 /* AboutWindowController.swift in Sources */,
				05EF243528E7493900334A41 /* IntegerConverter.swift in Sources */,
				0572AD6128E4E3AA000AFC79 /* ConfigValueViewController.swift in Sources */,
				0572AD5F28E4DC5D000AFC79 /* ConfigValue.swift in Sources */,
				05EF240F28E6469600334A41 /* TableRowView.swift in Sources */,
			);
			runOnlyForDeploymentPostprocessing = 0;
		};
		05DB0099292CC69200FAB389 /* Sources */ = {
			isa = PBXSourcesBuildPhase;
			buildActionMask = 2147483647;
			files = (
				05DB009A292CC69200FAB389 /* CreditViewController.swift in Sources */,
				05DB009B292CC69200FAB389 /* ThemeViewController.swift in Sources */,
				05DB009C292CC69200FAB389 /* NSWindowController.swift in Sources */,
				05B814D029A91A5E00133654 /* NSMenu.swift in Sources */,
				05DB009D292CC69200FAB389 /* MainWindowController.swift in Sources */,
				05DB009E292CC69200FAB389 /* ConfigViewItem.swift in Sources */,
				05DB009F292CC69200FAB389 /* ConfigViewController.swift in Sources */,
				05DB00A0292CC69200FAB389 /* NSView.swift in Sources */,
				05DB00A1292CC69200FAB389 /* Either.swift in Sources */,
				05DB00A2292CC69200FAB389 /* Config.swift in Sources */,
				05DB00A3292CC69200FAB389 /* ApplicationDelegate.swift in Sources */,
				05DB00A4292CC69200FAB389 /* Uncrustify.swift in Sources */,
				05B814E129A91AA600133654 /* NSApplication.swift in Sources */,
				05DB00A5292CC69200FAB389 /* ArrayCount.swift in Sources */,
				05DB00A6292CC69200FAB389 /* NSError.swift in Sources */,
				05DB00A7292CC69200FAB389 /* BackgroundView.swift in Sources */,
				05DB00A8292CC69200FAB389 /* TextViewController.swift in Sources */,
				05DB00A9292CC69200FAB389 /* BoolConverter.swift in Sources */,
				05DB00AA292CC69200FAB389 /* Credit.swift in Sources */,
				05DB00AB292CC69200FAB389 /* Bundle.swift in Sources */,
				05DB00AC292CC69200FAB389 /* CreditsWindowController.swift in Sources */,
				05B814CD29A91A5900133654 /* NSAppearance.swift in Sources */,
				05DB00AD292CC69200FAB389 /* AboutWindowController.swift in Sources */,
				05DB00AE292CC69200FAB389 /* IntegerConverter.swift in Sources */,
				05DB00AF292CC69200FAB389 /* ConfigValueViewController.swift in Sources */,
				05DB00B0292CC69200FAB389 /* ConfigValue.swift in Sources */,
				05DB00B1292CC69200FAB389 /* TableRowView.swift in Sources */,
			);
			runOnlyForDeploymentPostprocessing = 0;
		};
/* End PBXSourcesBuildPhase section */

/* Begin PBXTargetDependency section */
		057AAF6528E5FE2D004CB733 /* PBXTargetDependency */ = {
			isa = PBXTargetDependency;
			name = "Highlightr-macOS";
			targetProxy = 057AAF6428E5FE2D004CB733 /* PBXContainerItemProxy */;
		};
		05A0848B28ECA4BA008FD8EA /* PBXTargetDependency */ = {
			isa = PBXTargetDependency;
			name = GitHubUpdates;
			targetProxy = 05A0848A28ECA4BA008FD8EA /* PBXContainerItemProxy */;
		};
		05DB0097292CC69200FAB389 /* PBXTargetDependency */ = {
			isa = PBXTargetDependency;
			name = "Highlightr-macOS";
			targetProxy = 05DB0098292CC69200FAB389 /* PBXContainerItemProxy */;
		};
/* End PBXTargetDependency section */

/* Begin PBXVariantGroup section */
		0572AD0828E47BCF000AFC79 /* MainMenu.xib */ = {
			isa = PBXVariantGroup;
			children = (
				0572AD0928E47BCF000AFC79 /* Base */,
			);
			name = MainMenu.xib;
			sourceTree = "<group>";
		};
		05EF241228E6472300334A41 /* AboutWindowController.xib */ = {
			isa = PBXVariantGroup;
			children = (
				05EF241128E6472300334A41 /* Base */,
			);
			name = AboutWindowController.xib;
			sourceTree = "<group>";
		};
		05EF241528E6472600334A41 /* ConfigValueViewController.xib */ = {
			isa = PBXVariantGroup;
			children = (
				05EF241428E6472600334A41 /* Base */,
			);
			name = ConfigValueViewController.xib;
			sourceTree = "<group>";
		};
		05EF241828E6472C00334A41 /* ConfigViewController.xib */ = {
			isa = PBXVariantGroup;
			children = (
				05EF241728E6472C00334A41 /* Base */,
			);
			name = ConfigViewController.xib;
			sourceTree = "<group>";
		};
		05EF241B28E6472F00334A41 /* ConfigViewItem.xib */ = {
			isa = PBXVariantGroup;
			children = (
				05EF241A28E6472F00334A41 /* Base */,
			);
			name = ConfigViewItem.xib;
			sourceTree = "<group>";
		};
		05EF241E28E6473400334A41 /* CreditsWindowController.xib */ = {
			isa = PBXVariantGroup;
			children = (
				05EF241D28E6473400334A41 /* Base */,
			);
			name = CreditsWindowController.xib;
			sourceTree = "<group>";
		};
		05EF242128E6473700334A41 /* CreditViewController.xib */ = {
			isa = PBXVariantGroup;
			children = (
				05EF242028E6473700334A41 /* Base */,
			);
			name = CreditViewController.xib;
			sourceTree = "<group>";
		};
		05EF242428E6473E00334A41 /* MainWindowController.xib */ = {
			isa = PBXVariantGroup;
			children = (
				05EF242328E6473E00334A41 /* Base */,
			);
			name = MainWindowController.xib;
			sourceTree = "<group>";
		};
		05EF242728E6474200334A41 /* TextViewController.xib */ = {
			isa = PBXVariantGroup;
			children = (
				05EF242628E6474200334A41 /* Base */,
			);
			name = TextViewController.xib;
			sourceTree = "<group>";
		};
		05EF242A28E6474500334A41 /* ThemeWindowController.xib */ = {
			isa = PBXVariantGroup;
			children = (
				05EF242928E6474500334A41 /* Base */,
			);
			name = ThemeWindowController.xib;
			sourceTree = "<group>";
		};
/* End PBXVariantGroup section */

/* Begin XCBuildConfiguration section */
		0572AD0C28E47BCF000AFC79 /* Debug */ = {
			isa = XCBuildConfiguration;
			baseConfigurationReference = 0572AD2028E4D6B5000AFC79 /* Debug.xcconfig */;
			buildSettings = {
			};
			name = Debug;
		};
		0572AD0D28E47BCF000AFC79 /* Release */ = {
			isa = XCBuildConfiguration;
			baseConfigurationReference = 0572AD2128E4D6B5000AFC79 /* Release.xcconfig */;
			buildSettings = {
			};
			name = Release;
		};
		0572AD0F28E47BCF000AFC79 /* Debug */ = {
			isa = XCBuildConfiguration;
			buildSettings = {
				ASSETCATALOG_COMPILER_APPICON_NAME = AppIcon;
				ASSETCATALOG_COMPILER_GLOBAL_ACCENT_COLOR_NAME = AccentColor;
				CODE_SIGN_ENTITLEMENTS = Uncrustifier/Uncrustifier.entitlements;
				INFOPLIST_FILE = Uncrustifier/Info.plist;
				INFOPLIST_KEY_LSApplicationCategoryType = "public.app-category.developer-tools";
				INFOPLIST_KEY_NSHumanReadableCopyright = "Copyright © 2022 XS-Labs. All rights reserved.";
				INFOPLIST_KEY_NSMainNibFile = MainMenu;
				INFOPLIST_KEY_NSPrincipalClass = NSApplication;
				LD_RUNPATH_SEARCH_PATHS = (
					"$(inherited)",
					"@executable_path/../Frameworks",
				);
				PRODUCT_BUNDLE_IDENTIFIER = "com.xs-labs.Uncrustifier";
				PRODUCT_NAME = Uncrustifier;
			};
			name = Debug;
		};
		0572AD1028E47BCF000AFC79 /* Release */ = {
			isa = XCBuildConfiguration;
			buildSettings = {
				ASSETCATALOG_COMPILER_APPICON_NAME = AppIcon;
				ASSETCATALOG_COMPILER_GLOBAL_ACCENT_COLOR_NAME = AccentColor;
				CODE_SIGN_ENTITLEMENTS = Uncrustifier/Uncrustifier.entitlements;
				INFOPLIST_FILE = Uncrustifier/Info.plist;
				INFOPLIST_KEY_LSApplicationCategoryType = "public.app-category.developer-tools";
				INFOPLIST_KEY_NSHumanReadableCopyright = "Copyright © 2022 XS-Labs. All rights reserved.";
				INFOPLIST_KEY_NSMainNibFile = MainMenu;
				INFOPLIST_KEY_NSPrincipalClass = NSApplication;
				LD_RUNPATH_SEARCH_PATHS = (
					"$(inherited)",
					"@executable_path/../Frameworks",
				);
				PRODUCT_BUNDLE_IDENTIFIER = "com.xs-labs.Uncrustifier";
				PRODUCT_NAME = Uncrustifier;
			};
			name = Release;
		};
		05DB00CB292CC69200FAB389 /* Debug */ = {
			isa = XCBuildConfiguration;
			buildSettings = {
				ASSETCATALOG_COMPILER_APPICON_NAME = AppIcon;
				ASSETCATALOG_COMPILER_GLOBAL_ACCENT_COLOR_NAME = AccentColor;
				CODE_SIGN_ENTITLEMENTS = "Uncrustifier/Uncrustifier AppStore.entitlements";
				GCC_PREPROCESSOR_DEFINITIONS = (
					"$(inherited)",
					"APPSTORE=1",
				);
				INFOPLIST_FILE = Uncrustifier/Info.plist;
				INFOPLIST_KEY_LSApplicationCategoryType = "public.app-category.developer-tools";
				INFOPLIST_KEY_NSHumanReadableCopyright = "Copyright © 2022 XS-Labs. All rights reserved.";
				INFOPLIST_KEY_NSMainNibFile = MainMenu;
				INFOPLIST_KEY_NSPrincipalClass = NSApplication;
				LD_RUNPATH_SEARCH_PATHS = (
					"$(inherited)",
					"@executable_path/../Frameworks",
				);
				PRODUCT_BUNDLE_IDENTIFIER = "com.xs-labs.Uncrustifier";
				PRODUCT_NAME = Uncrustifier;
				SWIFT_ACTIVE_COMPILATION_CONDITIONS = "$(inherited) APPSTORE";
			};
			name = Debug;
		};
		05DB00CC292CC69200FAB389 /* Release */ = {
			isa = XCBuildConfiguration;
			buildSettings = {
				ASSETCATALOG_COMPILER_APPICON_NAME = AppIcon;
				ASSETCATALOG_COMPILER_GLOBAL_ACCENT_COLOR_NAME = AccentColor;
				CODE_SIGN_ENTITLEMENTS = "Uncrustifier/Uncrustifier AppStore.entitlements";
				GCC_PREPROCESSOR_DEFINITIONS = (
					"$(inherited)",
					"APPSTORE=1",
				);
				INFOPLIST_FILE = Uncrustifier/Info.plist;
				INFOPLIST_KEY_LSApplicationCategoryType = "public.app-category.developer-tools";
				INFOPLIST_KEY_NSHumanReadableCopyright = "Copyright © 2022 XS-Labs. All rights reserved.";
				INFOPLIST_KEY_NSMainNibFile = MainMenu;
				INFOPLIST_KEY_NSPrincipalClass = NSApplication;
				LD_RUNPATH_SEARCH_PATHS = (
					"$(inherited)",
					"@executable_path/../Frameworks",
				);
				PRODUCT_BUNDLE_IDENTIFIER = "com.xs-labs.Uncrustifier";
				PRODUCT_NAME = Uncrustifier;
				SWIFT_ACTIVE_COMPILATION_CONDITIONS = "$(inherited) APPSTORE";
			};
			name = Release;
		};
/* End XCBuildConfiguration section */

/* Begin XCConfigurationList section */
		0572ACFC28E47BCF000AFC79 /* Build configuration list for PBXProject "Uncrustifier" */ = {
			isa = XCConfigurationList;
			buildConfigurations = (
				0572AD0C28E47BCF000AFC79 /* Debug */,
				0572AD0D28E47BCF000AFC79 /* Release */,
			);
			defaultConfigurationIsVisible = 0;
			defaultConfigurationName = Release;
		};
		0572AD0E28E47BCF000AFC79 /* Build configuration list for PBXNativeTarget "Uncrustifier" */ = {
			isa = XCConfigurationList;
			buildConfigurations = (
				0572AD0F28E47BCF000AFC79 /* Debug */,
				0572AD1028E47BCF000AFC79 /* Release */,
			);
			defaultConfigurationIsVisible = 0;
			defaultConfigurationName = Release;
		};
		05DB00CA292CC69200FAB389 /* Build configuration list for PBXNativeTarget "Uncrustifier AppStore" */ = {
			isa = XCConfigurationList;
			buildConfigurations = (
				05DB00CB292CC69200FAB389 /* Debug */,
				05DB00CC292CC69200FAB389 /* Release */,
			);
			defaultConfigurationIsVisible = 0;
			defaultConfigurationName = Release;
		};
/* End XCConfigurationList section */
	};
	rootObject = 0572ACF928E47BCF000AFC79 /* Project object */;
}
